
Microsoft Visual Studio Solution File, Format Version 12.00
# Visual Studio Version 17
VisualStudioVersion = 17.6.33815.320
MinimumVisualStudioVersion = 10.0.40219.1
Project("{FAE04EC0-301F-11D3-BF4B-00C04F79EFBC}") = "Looking Back", "Looking Back.csproj", "{F545908C-75FB-4446-9246-DBF953512743}"
EndProject
Global
	GlobalSection(SolutionConfigurationPlatforms) = preSolution
		Debug|Any CPU = Debug|Any CPU
		Release|Any CPU = Release|Any CPU
	EndGlobalSection
	GlobalSection(ProjectConfigurationPlatforms) = postSolution
		{F545908C-75FB-4446-9246-DBF953512743}.Debug|Any CPU.ActiveCfg = Debug|Any CPU
		{F545908C-75FB-4446-9246-DBF953512743}.Debug|Any CPU.Build.0 = Debug|Any CPU
		{F545908C-75FB-4446-9246-DBF953512743}.Release|Any CPU.ActiveCfg = Release|Any CPU
		{F545908C-75FB-4446-9246-DBF953512743}.Release|Any CPU.Build.0 = Release|Any CPU
	EndGlobalSection
	GlobalSection(SolutionProperties) = preSolution
		HideSolutionNode = FALSE
	EndGlobalSection
	GlobalSection(ExtensibilityGlobals) = postSolution
		SolutionGuid = {ABF02BAF-563E-43C4-BD15-D65753BCA9A6}
	EndGlobalSection
EndGlobal
